// !$*UTF8*$!
{
	archiveVersion = 1;
	classes = {
	};
	objectVersion = 56;
	objects = {

/* Begin PBXBuildFile section */
		AA91547429A7A5F200A5DB1F /* AppDelegate.swift in Sources */ = {isa = PBXBuildFile; fileRef = AA91547329A7A5F200A5DB1F /* AppDelegate.swift */; };
		AA91547629A7A5F200A5DB1F /* SceneDelegate.swift in Sources */ = {isa = PBXBuildFile; fileRef = AA91547529A7A5F200A5DB1F /* SceneDelegate.swift */; };
		AA91547829A7A5F200A5DB1F /* AssetCollectionViewController.swift in Sources */ = {isa = PBXBuildFile; fileRef = AA91547729A7A5F200A5DB1F /* AssetCollectionViewController.swift */; };
		AA91547B29A7A5F200A5DB1F /* Main.storyboard in Resources */ = {isa = PBXBuildFile; fileRef = AA91547929A7A5F200A5DB1F /* Main.storyboard */; };
		AA91547D29A7A5F400A5DB1F /* Assets.xcassets in Resources */ = {isa = PBXBuildFile; fileRef = AA91547C29A7A5F400A5DB1F /* Assets.xcassets */; };
		AA91548029A7A5F400A5DB1F /* LaunchScreen.storyboard in Resources */ = {isa = PBXBuildFile; fileRef = AA91547E29A7A5F400A5DB1F /* LaunchScreen.storyboard */; };
		AA91549429A7A77D00A5DB1F /* RxCocoa in Frameworks */ = {isa = PBXBuildFile; productRef = AA91549329A7A77D00A5DB1F /* RxCocoa */; };
		AA91549629A7A77E00A5DB1F /* RxRelay in Frameworks */ = {isa = PBXBuildFile; productRef = AA91549529A7A77E00A5DB1F /* RxRelay */; };
		AA91549829A7A77E00A5DB1F /* RxSwift in Frameworks */ = {isa = PBXBuildFile; productRef = AA91549729A7A77E00A5DB1F /* RxSwift */; };
		AA91549B29A7A79C00A5DB1F /* ObjectMapper in Frameworks */ = {isa = PBXBuildFile; productRef = AA91549A29A7A79C00A5DB1F /* ObjectMapper */; };
		AA91549E29A7A7C900A5DB1F /* SDWebImage in Frameworks */ = {isa = PBXBuildFile; productRef = AA91549D29A7A7C900A5DB1F /* SDWebImage */; };
		AA9154A029A7A85E00A5DB1F /* Asset.swift in Sources */ = {isa = PBXBuildFile; fileRef = AA91549F29A7A85E00A5DB1F /* Asset.swift */; };
		AA9154A229A7A88B00A5DB1F /* Wallet.swift in Sources */ = {isa = PBXBuildFile; fileRef = AA9154A129A7A88B00A5DB1F /* Wallet.swift */; };
		AA9154A429A7A90300A5DB1F /* RxSwiftHTTPClient.swift in Sources */ = {isa = PBXBuildFile; fileRef = AA9154A329A7A90300A5DB1F /* RxSwiftHTTPClient.swift */; };
		AA9154A629A7A9EB00A5DB1F /* MockHTTPClient.swift in Sources */ = {isa = PBXBuildFile; fileRef = AA9154A529A7A9EB00A5DB1F /* MockHTTPClient.swift */; };
		AA9154A829A7AA6000A5DB1F /* OpenseaRepository.swift in Sources */ = {isa = PBXBuildFile; fileRef = AA9154A729A7AA6000A5DB1F /* OpenseaRepository.swift */; };
		AA9154AA29A7AA7000A5DB1F /* AssetLoadable.swift in Sources */ = {isa = PBXBuildFile; fileRef = AA9154A929A7AA7000A5DB1F /* AssetLoadable.swift */; };
		AA9154B029A7AC3400A5DB1F /* URLBuilder.swift in Sources */ = {isa = PBXBuildFile; fileRef = AA9154AF29A7AC3400A5DB1F /* URLBuilder.swift */; };
		AA9154B329A7B0B000A5DB1F /* Coordinator.swift in Sources */ = {isa = PBXBuildFile; fileRef = AA9154B229A7B0B000A5DB1F /* Coordinator.swift */; };
		AA9154B529A7B0E400A5DB1F /* Interactor.swift in Sources */ = {isa = PBXBuildFile; fileRef = AA9154B429A7B0E400A5DB1F /* Interactor.swift */; };
		AA9154B729A7B10B00A5DB1F /* Presenter.swift in Sources */ = {isa = PBXBuildFile; fileRef = AA9154B629A7B10B00A5DB1F /* Presenter.swift */; };
		AA9154B929A7B13900A5DB1F /* Listenable.swift in Sources */ = {isa = PBXBuildFile; fileRef = AA9154B829A7B13900A5DB1F /* Listenable.swift */; };
		AA9154BD29A7B31D00A5DB1F /* AssetCollectionCoordinator.swift in Sources */ = {isa = PBXBuildFile; fileRef = AA9154BC29A7B31D00A5DB1F /* AssetCollectionCoordinator.swift */; };
		AA9154BF29A7B38D00A5DB1F /* AssetCollectionViewModel.swift in Sources */ = {isa = PBXBuildFile; fileRef = AA9154BE29A7B38D00A5DB1F /* AssetCollectionViewModel.swift */; };
/* End PBXBuildFile section */

/* Begin PBXFileReference section */
		AA91547029A7A5F200A5DB1F /* NFTCollection.app */ = {isa = PBXFileReference; explicitFileType = wrapper.application; includeInIndex = 0; path = NFTCollection.app; sourceTree = BUILT_PRODUCTS_DIR; };
		AA91547329A7A5F200A5DB1F /* AppDelegate.swift */ = {isa = PBXFileReference; lastKnownFileType = sourcecode.swift; path = AppDelegate.swift; sourceTree = "<group>"; };
		AA91547529A7A5F200A5DB1F /* SceneDelegate.swift */ = {isa = PBXFileReference; lastKnownFileType = sourcecode.swift; path = SceneDelegate.swift; sourceTree = "<group>"; };
		AA91547729A7A5F200A5DB1F /* AssetCollectionViewController.swift */ = {isa = PBXFileReference; lastKnownFileType = sourcecode.swift; path = AssetCollectionViewController.swift; sourceTree = "<group>"; };
		AA91547A29A7A5F200A5DB1F /* Base */ = {isa = PBXFileReference; lastKnownFileType = file.storyboard; name = Base; path = Base.lproj/Main.storyboard; sourceTree = "<group>"; };
		AA91547C29A7A5F400A5DB1F /* Assets.xcassets */ = {isa = PBXFileReference; lastKnownFileType = folder.assetcatalog; path = Assets.xcassets; sourceTree = "<group>"; };
		AA91547F29A7A5F400A5DB1F /* Base */ = {isa = PBXFileReference; lastKnownFileType = file.storyboard; name = Base; path = Base.lproj/LaunchScreen.storyboard; sourceTree = "<group>"; };
		AA91548129A7A5F400A5DB1F /* Info.plist */ = {isa = PBXFileReference; lastKnownFileType = text.plist.xml; path = Info.plist; sourceTree = "<group>"; };
		AA91549F29A7A85E00A5DB1F /* Asset.swift */ = {isa = PBXFileReference; lastKnownFileType = sourcecode.swift; path = Asset.swift; sourceTree = "<group>"; };
		AA9154A129A7A88B00A5DB1F /* Wallet.swift */ = {isa = PBXFileReference; lastKnownFileType = sourcecode.swift; path = Wallet.swift; sourceTree = "<group>"; };
		AA9154A329A7A90300A5DB1F /* RxSwiftHTTPClient.swift */ = {isa = PBXFileReference; lastKnownFileType = sourcecode.swift; path = RxSwiftHTTPClient.swift; sourceTree = "<group>"; };
		AA9154A529A7A9EB00A5DB1F /* MockHTTPClient.swift */ = {isa = PBXFileReference; lastKnownFileType = sourcecode.swift; path = MockHTTPClient.swift; sourceTree = "<group>"; };
		AA9154A729A7AA6000A5DB1F /* OpenseaRepository.swift */ = {isa = PBXFileReference; lastKnownFileType = sourcecode.swift; path = OpenseaRepository.swift; sourceTree = "<group>"; };
		AA9154A929A7AA7000A5DB1F /* AssetLoadable.swift */ = {isa = PBXFileReference; lastKnownFileType = sourcecode.swift; path = AssetLoadable.swift; sourceTree = "<group>"; };
		AA9154AF29A7AC3400A5DB1F /* URLBuilder.swift */ = {isa = PBXFileReference; lastKnownFileType = sourcecode.swift; path = URLBuilder.swift; sourceTree = "<group>"; };
		AA9154B229A7B0B000A5DB1F /* Coordinator.swift */ = {isa = PBXFileReference; lastKnownFileType = sourcecode.swift; path = Coordinator.swift; sourceTree = "<group>"; };
		AA9154B429A7B0E400A5DB1F /* Interactor.swift */ = {isa = PBXFileReference; lastKnownFileType = sourcecode.swift; path = Interactor.swift; sourceTree = "<group>"; };
		AA9154B629A7B10B00A5DB1F /* Presenter.swift */ = {isa = PBXFileReference; lastKnownFileType = sourcecode.swift; path = Presenter.swift; sourceTree = "<group>"; };
		AA9154B829A7B13900A5DB1F /* Listenable.swift */ = {isa = PBXFileReference; lastKnownFileType = sourcecode.swift; path = Listenable.swift; sourceTree = "<group>"; };
		AA9154BC29A7B31D00A5DB1F /* AssetCollectionCoordinator.swift */ = {isa = PBXFileReference; lastKnownFileType = sourcecode.swift; path = AssetCollectionCoordinator.swift; sourceTree = "<group>"; };
		AA9154BE29A7B38D00A5DB1F /* AssetCollectionViewModel.swift */ = {isa = PBXFileReference; lastKnownFileType = sourcecode.swift; path = AssetCollectionViewModel.swift; sourceTree = "<group>"; };
/* End PBXFileReference section */

/* Begin PBXFrameworksBuildPhase section */
		AA91546D29A7A5F200A5DB1F /* Frameworks */ = {
			isa = PBXFrameworksBuildPhase;
			buildActionMask = 2147483647;
			files = (
				AA91549B29A7A79C00A5DB1F /* ObjectMapper in Frameworks */,
				AA91549829A7A77E00A5DB1F /* RxSwift in Frameworks */,
				AA91549629A7A77E00A5DB1F /* RxRelay in Frameworks */,
				AA91549429A7A77D00A5DB1F /* RxCocoa in Frameworks */,
				AA91549E29A7A7C900A5DB1F /* SDWebImage in Frameworks */,
			);
			runOnlyForDeploymentPostprocessing = 0;
		};
/* End PBXFrameworksBuildPhase section */

/* Begin PBXGroup section */
		AA91546729A7A5F200A5DB1F = {
			isa = PBXGroup;
			children = (
				AA91547229A7A5F200A5DB1F /* NFTCollection */,
				AA91547129A7A5F200A5DB1F /* Products */,
			);
			sourceTree = "<group>";
		};
		AA91547129A7A5F200A5DB1F /* Products */ = {
			isa = PBXGroup;
			children = (
				AA91547029A7A5F200A5DB1F /* NFTCollection.app */,
			);
			name = Products;
			sourceTree = "<group>";
		};
		AA91547229A7A5F200A5DB1F /* NFTCollection */ = {
			isa = PBXGroup;
			children = (
				AA91548729A7A60E00A5DB1F /* App */,
				AA91548829A7A61300A5DB1F /* Domain Models */,
				AA91548929A7A61D00A5DB1F /* Modules */,
				AA91548B29A7A63C00A5DB1F /* Networking */,
				AA91548C29A7A64400A5DB1F /* Repositories */,
				AA91548A29A7A62700A5DB1F /* Resources */,
				AA91548129A7A5F400A5DB1F /* Info.plist */,
			);
			path = NFTCollection;
			sourceTree = "<group>";
		};
		AA91548729A7A60E00A5DB1F /* App */ = {
			isa = PBXGroup;
			children = (
				AA91547329A7A5F200A5DB1F /* AppDelegate.swift */,
				AA91547529A7A5F200A5DB1F /* SceneDelegate.swift */,
				AA91547929A7A5F200A5DB1F /* Main.storyboard */,
				AA91547E29A7A5F400A5DB1F /* LaunchScreen.storyboard */,
			);
			path = App;
			sourceTree = "<group>";
		};
		AA91548829A7A61300A5DB1F /* Domain Models */ = {
			isa = PBXGroup;
			children = (
				AA91549F29A7A85E00A5DB1F /* Asset.swift */,
				AA9154A129A7A88B00A5DB1F /* Wallet.swift */,
			);
			path = "Domain Models";
			sourceTree = "<group>";
		};
		AA91548929A7A61D00A5DB1F /* Modules */ = {
			isa = PBXGroup;
			children = (
				AA91548E29A7A66A00A5DB1F /* Asset Collection */,
				AA91548F29A7A67500A5DB1F /* Asset Detail */,
				AA9154B129A7B02400A5DB1F /* Base */,
				AA91548D29A7A66400A5DB1F /* Root */,
			);
			path = Modules;
			sourceTree = "<group>";
		};
		AA91548A29A7A62700A5DB1F /* Resources */ = {
			isa = PBXGroup;
			children = (
				AA91547C29A7A5F400A5DB1F /* Assets.xcassets */,
			);
			path = Resources;
			sourceTree = "<group>";
		};
		AA91548B29A7A63C00A5DB1F /* Networking */ = {
			isa = PBXGroup;
			children = (
				AA9154A329A7A90300A5DB1F /* RxSwiftHTTPClient.swift */,
				AA9154A529A7A9EB00A5DB1F /* MockHTTPClient.swift */,
				AA9154AF29A7AC3400A5DB1F /* URLBuilder.swift */,
			);
			path = Networking;
			sourceTree = "<group>";
		};
		AA91548C29A7A64400A5DB1F /* Repositories */ = {
			isa = PBXGroup;
			children = (
				AA9154A729A7AA6000A5DB1F /* OpenseaRepository.swift */,
			);
			path = Repositories;
			sourceTree = "<group>";
		};
		AA91548D29A7A66400A5DB1F /* Root */ = {
			isa = PBXGroup;
			children = (
			);
			path = Root;
			sourceTree = "<group>";
		};
		AA91548E29A7A66A00A5DB1F /* Asset Collection */ = {
			isa = PBXGroup;
			children = (
				AA9154AE29A7AB7000A5DB1F /* Coordinator */,
				AA9154AB29A7AAFE00A5DB1F /* Domain */,
				AA9154AD29A7AB1D00A5DB1F /* View Model */,
				AA9154AC29A7AB1100A5DB1F /* View */,
			);
			path = "Asset Collection";
			sourceTree = "<group>";
		};
		AA91548F29A7A67500A5DB1F /* Asset Detail */ = {
			isa = PBXGroup;
			children = (
			);
			path = "Asset Detail";
			sourceTree = "<group>";
		};
		AA9154AB29A7AAFE00A5DB1F /* Domain */ = {
			isa = PBXGroup;
			children = (
				AA9154A929A7AA7000A5DB1F /* AssetLoadable.swift */,
			);
			path = Domain;
			sourceTree = "<group>";
		};
		AA9154AC29A7AB1100A5DB1F /* View */ = {
			isa = PBXGroup;
			children = (
				AA91547729A7A5F200A5DB1F /* AssetCollectionViewController.swift */,
			);
			path = View;
			sourceTree = "<group>";
		};
		AA9154AD29A7AB1D00A5DB1F /* View Model */ = {
			isa = PBXGroup;
			children = (
				AA9154BE29A7B38D00A5DB1F /* AssetCollectionViewModel.swift */,
			);
			path = "View Model";
			sourceTree = "<group>";
		};
		AA9154AE29A7AB7000A5DB1F /* Coordinator */ = {
			isa = PBXGroup;
			children = (
				AA9154BC29A7B31D00A5DB1F /* AssetCollectionCoordinator.swift */,
			);
			path = Coordinator;
			sourceTree = "<group>";
		};
		AA9154B129A7B02400A5DB1F /* Base */ = {
			isa = PBXGroup;
			children = (
				AA9154B229A7B0B000A5DB1F /* Coordinator.swift */,
				AA9154B429A7B0E400A5DB1F /* Interactor.swift */,
				AA9154B629A7B10B00A5DB1F /* Presenter.swift */,
				AA9154B829A7B13900A5DB1F /* Listenable.swift */,
			);
			path = Base;
			sourceTree = "<group>";
		};
/* End PBXGroup section */

/* Begin PBXNativeTarget section */
		AA91546F29A7A5F200A5DB1F /* NFTCollection */ = {
			isa = PBXNativeTarget;
			buildConfigurationList = AA91548429A7A5F400A5DB1F /* Build configuration list for PBXNativeTarget "NFTCollection" */;
			buildPhases = (
				AA91546C29A7A5F200A5DB1F /* Sources */,
				AA91546D29A7A5F200A5DB1F /* Frameworks */,
				AA91546E29A7A5F200A5DB1F /* Resources */,
			);
			buildRules = (
			);
			dependencies = (
			);
			name = NFTCollection;
			packageProductDependencies = (
				AA91549329A7A77D00A5DB1F /* RxCocoa */,
				AA91549529A7A77E00A5DB1F /* RxRelay */,
				AA91549729A7A77E00A5DB1F /* RxSwift */,
				AA91549A29A7A79C00A5DB1F /* ObjectMapper */,
				AA91549D29A7A7C900A5DB1F /* SDWebImage */,
			);
			productName = NFTCollection;
			productReference = AA91547029A7A5F200A5DB1F /* NFTCollection.app */;
			productType = "com.apple.product-type.application";
		};
/* End PBXNativeTarget section */

/* Begin PBXProject section */
		AA91546829A7A5F200A5DB1F /* Project object */ = {
			isa = PBXProject;
			attributes = {
				BuildIndependentTargetsInParallel = 1;
				LastSwiftUpdateCheck = 1420;
				LastUpgradeCheck = 1420;
				TargetAttributes = {
					AA91546F29A7A5F200A5DB1F = {
						CreatedOnToolsVersion = 14.2;
					};
				};
			};
			buildConfigurationList = AA91546B29A7A5F200A5DB1F /* Build configuration list for PBXProject "NFTCollection" */;
			compatibilityVersion = "Xcode 14.0";
			developmentRegion = en;
			hasScannedForEncodings = 0;
			knownRegions = (
				en,
				Base,
			);
			mainGroup = AA91546729A7A5F200A5DB1F;
			packageReferences = (
				AA91549229A7A77D00A5DB1F /* XCRemoteSwiftPackageReference "RxSwift" */,
				AA91549929A7A79C00A5DB1F /* XCRemoteSwiftPackageReference "ObjectMapper" */,
				AA91549C29A7A7C900A5DB1F /* XCRemoteSwiftPackageReference "SDWebImage" */,
			);
			productRefGroup = AA91547129A7A5F200A5DB1F /* Products */;
			projectDirPath = "";
			projectRoot = "";
			targets = (
				AA91546F29A7A5F200A5DB1F /* NFTCollection */,
			);
		};
/* End PBXProject section */

/* Begin PBXResourcesBuildPhase section */
		AA91546E29A7A5F200A5DB1F /* Resources */ = {
			isa = PBXResourcesBuildPhase;
			buildActionMask = 2147483647;
			files = (
				AA91548029A7A5F400A5DB1F /* LaunchScreen.storyboard in Resources */,
				AA91547D29A7A5F400A5DB1F /* Assets.xcassets in Resources */,
				AA91547B29A7A5F200A5DB1F /* Main.storyboard in Resources */,
			);
			runOnlyForDeploymentPostprocessing = 0;
		};
/* End PBXResourcesBuildPhase section */

/* Begin PBXSourcesBuildPhase section */
		AA91546C29A7A5F200A5DB1F /* Sources */ = {
			isa = PBXSourcesBuildPhase;
			buildActionMask = 2147483647;
			files = (
				AA9154B929A7B13900A5DB1F /* Listenable.swift in Sources */,
				AA9154A229A7A88B00A5DB1F /* Wallet.swift in Sources */,
				AA91547829A7A5F200A5DB1F /* AssetCollectionViewController.swift in Sources */,
				AA9154A629A7A9EB00A5DB1F /* MockHTTPClient.swift in Sources */,
				AA9154A429A7A90300A5DB1F /* RxSwiftHTTPClient.swift in Sources */,
				AA91547429A7A5F200A5DB1F /* AppDelegate.swift in Sources */,
				AA9154BD29A7B31D00A5DB1F /* AssetCollectionCoordinator.swift in Sources */,
				AA9154B029A7AC3400A5DB1F /* URLBuilder.swift in Sources */,
				AA9154B529A7B0E400A5DB1F /* Interactor.swift in Sources */,
				AA9154B329A7B0B000A5DB1F /* Coordinator.swift in Sources */,
				AA9154A829A7AA6000A5DB1F /* OpenseaRepository.swift in Sources */,
				AA9154A029A7A85E00A5DB1F /* Asset.swift in Sources */,
				AA9154B729A7B10B00A5DB1F /* Presenter.swift in Sources */,
				AA9154BF29A7B38D00A5DB1F /* AssetCollectionViewModel.swift in Sources */,
				AA9154AA29A7AA7000A5DB1F /* AssetLoadable.swift in Sources */,
				AA91547629A7A5F200A5DB1F /* SceneDelegate.swift in Sources */,
			);
			runOnlyForDeploymentPostprocessing = 0;
		};
/* End PBXSourcesBuildPhase section */

/* Begin PBXVariantGroup section */
		AA91547929A7A5F200A5DB1F /* Main.storyboard */ = {
			isa = PBXVariantGroup;
			children = (
				AA91547A29A7A5F200A5DB1F /* Base */,
			);
			name = Main.storyboard;
			sourceTree = "<group>";
		};
		AA91547E29A7A5F400A5DB1F /* LaunchScreen.storyboard */ = {
			isa = PBXVariantGroup;
			children = (
				AA91547F29A7A5F400A5DB1F /* Base */,
			);
			name = LaunchScreen.storyboard;
			sourceTree = "<group>";
		};
/* End PBXVariantGroup section */

/* Begin XCBuildConfiguration section */
		AA91548229A7A5F400A5DB1F /* Debug */ = {
			isa = XCBuildConfiguration;
			buildSettings = {
				ALWAYS_SEARCH_USER_PATHS = NO;
				CLANG_ANALYZER_NONNULL = YES;
				CLANG_ANALYZER_NUMBER_OBJECT_CONVERSION = YES_AGGRESSIVE;
				CLANG_CXX_LANGUAGE_STANDARD = "gnu++20";
				CLANG_ENABLE_MODULES = YES;
				CLANG_ENABLE_OBJC_ARC = YES;
				CLANG_ENABLE_OBJC_WEAK = YES;
				CLANG_WARN_BLOCK_CAPTURE_AUTORELEASING = YES;
				CLANG_WARN_BOOL_CONVERSION = YES;
				CLANG_WARN_COMMA = YES;
				CLANG_WARN_CONSTANT_CONVERSION = YES;
				CLANG_WARN_DEPRECATED_OBJC_IMPLEMENTATIONS = YES;
				CLANG_WARN_DIRECT_OBJC_ISA_USAGE = YES_ERROR;
				CLANG_WARN_DOCUMENTATION_COMMENTS = YES;
				CLANG_WARN_EMPTY_BODY = YES;
				CLANG_WARN_ENUM_CONVERSION = YES;
				CLANG_WARN_INFINITE_RECURSION = YES;
				CLANG_WARN_INT_CONVERSION = YES;
				CLANG_WARN_NON_LITERAL_NULL_CONVERSION = YES;
				CLANG_WARN_OBJC_IMPLICIT_RETAIN_SELF = YES;
				CLANG_WARN_OBJC_LITERAL_CONVERSION = YES;
				CLANG_WARN_OBJC_ROOT_CLASS = YES_ERROR;
				CLANG_WARN_QUOTED_INCLUDE_IN_FRAMEWORK_HEADER = YES;
				CLANG_WARN_RANGE_LOOP_ANALYSIS = YES;
				CLANG_WARN_STRICT_PROTOTYPES = YES;
				CLANG_WARN_SUSPICIOUS_MOVE = YES;
				CLANG_WARN_UNGUARDED_AVAILABILITY = YES_AGGRESSIVE;
				CLANG_WARN_UNREACHABLE_CODE = YES;
				CLANG_WARN__DUPLICATE_METHOD_MATCH = YES;
				COPY_PHASE_STRIP = NO;
				DEBUG_INFORMATION_FORMAT = dwarf;
				ENABLE_STRICT_OBJC_MSGSEND = YES;
				ENABLE_TESTABILITY = YES;
				GCC_C_LANGUAGE_STANDARD = gnu11;
				GCC_DYNAMIC_NO_PIC = NO;
				GCC_NO_COMMON_BLOCKS = YES;
				GCC_OPTIMIZATION_LEVEL = 0;
				GCC_PREPROCESSOR_DEFINITIONS = (
					"DEBUG=1",
					"$(inherited)",
				);
				GCC_WARN_64_TO_32_BIT_CONVERSION = YES;
				GCC_WARN_ABOUT_RETURN_TYPE = YES_ERROR;
				GCC_WARN_UNDECLARED_SELECTOR = YES;
				GCC_WARN_UNINITIALIZED_AUTOS = YES_AGGRESSIVE;
				GCC_WARN_UNUSED_FUNCTION = YES;
				GCC_WARN_UNUSED_VARIABLE = YES;
				IPHONEOS_DEPLOYMENT_TARGET = 14.0;
				MTL_ENABLE_DEBUG_INFO = INCLUDE_SOURCE;
				MTL_FAST_MATH = YES;
				ONLY_ACTIVE_ARCH = YES;
				SDKROOT = iphoneos;
				SWIFT_ACTIVE_COMPILATION_CONDITIONS = DEBUG;
				SWIFT_OPTIMIZATION_LEVEL = "-Onone";
			};
			name = Debug;
		};
		AA91548329A7A5F400A5DB1F /* Release */ = {
			isa = XCBuildConfiguration;
			buildSettings = {
				ALWAYS_SEARCH_USER_PATHS = NO;
				CLANG_ANALYZER_NONNULL = YES;
				CLANG_ANALYZER_NUMBER_OBJECT_CONVERSION = YES_AGGRESSIVE;
				CLANG_CXX_LANGUAGE_STANDARD = "gnu++20";
				CLANG_ENABLE_MODULES = YES;
				CLANG_ENABLE_OBJC_ARC = YES;
				CLANG_ENABLE_OBJC_WEAK = YES;
				CLANG_WARN_BLOCK_CAPTURE_AUTORELEASING = YES;
				CLANG_WARN_BOOL_CONVERSION = YES;
				CLANG_WARN_COMMA = YES;
				CLANG_WARN_CONSTANT_CONVERSION = YES;
				CLANG_WARN_DEPRECATED_OBJC_IMPLEMENTATIONS = YES;
				CLANG_WARN_DIRECT_OBJC_ISA_USAGE = YES_ERROR;
				CLANG_WARN_DOCUMENTATION_COMMENTS = YES;
				CLANG_WARN_EMPTY_BODY = YES;
				CLANG_WARN_ENUM_CONVERSION = YES;
				CLANG_WARN_INFINITE_RECURSION = YES;
				CLANG_WARN_INT_CONVERSION = YES;
				CLANG_WARN_NON_LITERAL_NULL_CONVERSION = YES;
				CLANG_WARN_OBJC_IMPLICIT_RETAIN_SELF = YES;
				CLANG_WARN_OBJC_LITERAL_CONVERSION = YES;
				CLANG_WARN_OBJC_ROOT_CLASS = YES_ERROR;
				CLANG_WARN_QUOTED_INCLUDE_IN_FRAMEWORK_HEADER = YES;
				CLANG_WARN_RANGE_LOOP_ANALYSIS = YES;
				CLANG_WARN_STRICT_PROTOTYPES = YES;
				CLANG_WARN_SUSPICIOUS_MOVE = YES;
				CLANG_WARN_UNGUARDED_AVAILABILITY = YES_AGGRESSIVE;
				CLANG_WARN_UNREACHABLE_CODE = YES;
				CLANG_WARN__DUPLICATE_METHOD_MATCH = YES;
				COPY_PHASE_STRIP = NO;
				DEBUG_INFORMATION_FORMAT = "dwarf-with-dsym";
				ENABLE_NS_ASSERTIONS = NO;
				ENABLE_STRICT_OBJC_MSGSEND = YES;
				GCC_C_LANGUAGE_STANDARD = gnu11;
				GCC_NO_COMMON_BLOCKS = YES;
				GCC_WARN_64_TO_32_BIT_CONVERSION = YES;
				GCC_WARN_ABOUT_RETURN_TYPE = YES_ERROR;
				GCC_WARN_UNDECLARED_SELECTOR = YES;
				GCC_WARN_UNINITIALIZED_AUTOS = YES_AGGRESSIVE;
				GCC_WARN_UNUSED_FUNCTION = YES;
				GCC_WARN_UNUSED_VARIABLE = YES;
				IPHONEOS_DEPLOYMENT_TARGET = 14.0;
				MTL_ENABLE_DEBUG_INFO = NO;
				MTL_FAST_MATH = YES;
				SDKROOT = iphoneos;
				SWIFT_COMPILATION_MODE = wholemodule;
				SWIFT_OPTIMIZATION_LEVEL = "-O";
				VALIDATE_PRODUCT = YES;
			};
			name = Release;
		};
		AA91548529A7A5F400A5DB1F /* Debug */ = {
			isa = XCBuildConfiguration;
			buildSettings = {
				ASSETCATALOG_COMPILER_APPICON_NAME = AppIcon;
				ASSETCATALOG_COMPILER_GLOBAL_ACCENT_COLOR_NAME = AccentColor;
				CODE_SIGN_STYLE = Automatic;
				CURRENT_PROJECT_VERSION = 1;
				GENERATE_INFOPLIST_FILE = YES;
				INFOPLIST_FILE = NFTCollection/Info.plist;
				INFOPLIST_KEY_UIApplicationSupportsIndirectInputEvents = YES;
				INFOPLIST_KEY_UILaunchStoryboardName = LaunchScreen;
				INFOPLIST_KEY_UIMainStoryboardFile = Main;
				INFOPLIST_KEY_UISupportedInterfaceOrientations_iPad = "UIInterfaceOrientationPortrait UIInterfaceOrientationPortraitUpsideDown UIInterfaceOrientationLandscapeLeft UIInterfaceOrientationLandscapeRight";
				INFOPLIST_KEY_UISupportedInterfaceOrientations_iPhone = "UIInterfaceOrientationPortrait UIInterfaceOrientationLandscapeLeft UIInterfaceOrientationLandscapeRight";
				IPHONEOS_DEPLOYMENT_TARGET = 14.0;
				LD_RUNPATH_SEARCH_PATHS = (
					"$(inherited)",
					"@executable_path/Frameworks",
				);
				MARKETING_VERSION = 1.0;
				PRODUCT_BUNDLE_IDENTIFIER = com.greenerchen.NFTCollection;
				PRODUCT_NAME = "$(TARGET_NAME)";
				SWIFT_EMIT_LOC_STRINGS = YES;
				SWIFT_VERSION = 5.0;
				TARGETED_DEVICE_FAMILY = "1,2";
			};
			name = Debug;
		};
		AA91548629A7A5F400A5DB1F /* Release */ = {
			isa = XCBuildConfiguration;
			buildSettings = {
				ASSETCATALOG_COMPILER_APPICON_NAME = AppIcon;
				ASSETCATALOG_COMPILER_GLOBAL_ACCENT_COLOR_NAME = AccentColor;
				CODE_SIGN_STYLE = Automatic;
				CURRENT_PROJECT_VERSION = 1;
				GENERATE_INFOPLIST_FILE = YES;
				INFOPLIST_FILE = NFTCollection/Info.plist;
				INFOPLIST_KEY_UIApplicationSupportsIndirectInputEvents = YES;
				INFOPLIST_KEY_UILaunchStoryboardName = LaunchScreen;
				INFOPLIST_KEY_UIMainStoryboardFile = Main;
				INFOPLIST_KEY_UISupportedInterfaceOrientations_iPad = "UIInterfaceOrientationPortrait UIInterfaceOrientationPortraitUpsideDown UIInterfaceOrientationLandscapeLeft UIInterfaceOrientationLandscapeRight";
				INFOPLIST_KEY_UISupportedInterfaceOrientations_iPhone = "UIInterfaceOrientationPortrait UIInterfaceOrientationLandscapeLeft UIInterfaceOrientationLandscapeRight";
				IPHONEOS_DEPLOYMENT_TARGET = 14.0;
				LD_RUNPATH_SEARCH_PATHS = (
					"$(inherited)",
					"@executable_path/Frameworks",
				);
				MARKETING_VERSION = 1.0;
				PRODUCT_BUNDLE_IDENTIFIER = com.greenerchen.NFTCollection;
				PRODUCT_NAME = "$(TARGET_NAME)";
				SWIFT_EMIT_LOC_STRINGS = YES;
				SWIFT_VERSION = 5.0;
				TARGETED_DEVICE_FAMILY = "1,2";
			};
			name = Release;
		};
/* End XCBuildConfiguration section */

/* Begin XCConfigurationList section */
		AA91546B29A7A5F200A5DB1F /* Build configuration list for PBXProject "NFTCollection" */ = {
			isa = XCConfigurationList;
			buildConfigurations = (
				AA91548229A7A5F400A5DB1F /* Debug */,
				AA91548329A7A5F400A5DB1F /* Release */,
			);
			defaultConfigurationIsVisible = 0;
			defaultConfigurationName = Release;
		};
		AA91548429A7A5F400A5DB1F /* Build configuration list for PBXNativeTarget "NFTCollection" */ = {
			isa = XCConfigurationList;
			buildConfigurations = (
				AA91548529A7A5F400A5DB1F /* Debug */,
				AA91548629A7A5F400A5DB1F /* Release */,
			);
			defaultConfigurationIsVisible = 0;
			defaultConfigurationName = Release;
		};
/* End XCConfigurationList section */

/* Begin XCRemoteSwiftPackageReference section */
		AA91549229A7A77D00A5DB1F /* XCRemoteSwiftPackageReference "RxSwift" */ = {
			isa = XCRemoteSwiftPackageReference;
			repositoryURL = "https://github.com/ReactiveX/RxSwift.git";
			requirement = {
				kind = upToNextMajorVersion;
				minimumVersion = 6.5.0;
			};
		};
		AA91549929A7A79C00A5DB1F /* XCRemoteSwiftPackageReference "ObjectMapper" */ = {
			isa = XCRemoteSwiftPackageReference;
			repositoryURL = "https://github.com/tristanhimmelman/ObjectMapper.git";
			requirement = {
				kind = upToNextMajorVersion;
				minimumVersion = 4.1.0;
			};
		};
		AA91549C29A7A7C900A5DB1F /* XCRemoteSwiftPackageReference "SDWebImage" */ = {
			isa = XCRemoteSwiftPackageReference;
			repositoryURL = "https://github.com/SDWebImage/SDWebImage.git";
			requirement = {
				kind = upToNextMinorVersion;
				minimumVersion = 5.9.0;
			};
		};
/* End XCRemoteSwiftPackageReference section */

/* Begin XCSwiftPackageProductDependency section */
		AA91549329A7A77D00A5DB1F /* RxCocoa */ = {
			isa = XCSwiftPackageProductDependency;
			package = AA91549229A7A77D00A5DB1F /* XCRemoteSwiftPackageReference "RxSwift" */;
			productName = RxCocoa;
		};
		AA91549529A7A77E00A5DB1F /* RxRelay */ = {
			isa = XCSwiftPackageProductDependency;
			package = AA91549229A7A77D00A5DB1F /* XCRemoteSwiftPackageReference "RxSwift" */;
			productName = RxRelay;
		};
		AA91549729A7A77E00A5DB1F /* RxSwift */ = {
			isa = XCSwiftPackageProductDependency;
			package = AA91549229A7A77D00A5DB1F /* XCRemoteSwiftPackageReference "RxSwift" */;
			productName = RxSwift;
		};
		AA91549A29A7A79C00A5DB1F /* ObjectMapper */ = {
			isa = XCSwiftPackageProductDependency;
			package = AA91549929A7A79C00A5DB1F /* XCRemoteSwiftPackageReference "ObjectMapper" */;
			productName = ObjectMapper;
		};
		AA91549D29A7A7C900A5DB1F /* SDWebImage */ = {
			isa = XCSwiftPackageProductDependency;
			package = AA91549C29A7A7C900A5DB1F /* XCRemoteSwiftPackageReference "SDWebImage" */;
			productName = SDWebImage;
		};
/* End XCSwiftPackageProductDependency section */
	};
	rootObject = AA91546829A7A5F200A5DB1F /* Project object */;
}
