// !$*UTF8*$!
{
	archiveVersion = 1;
	classes = {
	};
	objectVersion = 56;
	objects = {

/* Begin PBXBuildFile section */
		AA10C43529E3EF1F0012E171 /* README.md in Resources */ = {isa = PBXBuildFile; fileRef = AA10C43429E3EF1F0012E171 /* README.md */; };
		AA61508129E6AF3A00AB4B93 /* RIBs in Frameworks */ = {isa = PBXBuildFile; productRef = AA61508029E6AF3A00AB4B93 /* RIBs */; };
		AA61508F29E6B06D00AB4B93 /* GeneratedRIBsMocks.swift in Sources */ = {isa = PBXBuildFile; fileRef = AA61508E29E6B06D00AB4B93 /* GeneratedRIBsMocks.swift */; };
		AA6F320C29A8492300AA4925 /* AssetDetailCoordinator.swift in Sources */ = {isa = PBXBuildFile; fileRef = AA6F320B29A8492300AA4925 /* AssetDetailCoordinator.swift */; };
		AA6F320E29A8498900AA4925 /* AssetDetailView.swift in Sources */ = {isa = PBXBuildFile; fileRef = AA6F320D29A8498900AA4925 /* AssetDetailView.swift */; };
		AA6F321029A849A500AA4925 /* AssetDetailViewModel.swift in Sources */ = {isa = PBXBuildFile; fileRef = AA6F320F29A849A500AA4925 /* AssetDetailViewModel.swift */; };
		AA6F321729A84D7C00AA4925 /* SDWebImage in Frameworks */ = {isa = PBXBuildFile; productRef = AA6F321629A84D7C00AA4925 /* SDWebImage */; };
		AA6F321A29A84F2200AA4925 /* BlueCapsuleButtonStyle.swift in Sources */ = {isa = PBXBuildFile; fileRef = AA6F321929A84F2200AA4925 /* BlueCapsuleButtonStyle.swift */; };
		AA6F321C29A86DE100AA4925 /* InfuraRepository.swift in Sources */ = {isa = PBXBuildFile; fileRef = AA6F321B29A86DE100AA4925 /* InfuraRepository.swift */; };
		AA6F323029ABA2DD00AA4925 /* RxCocoa in Frameworks */ = {isa = PBXBuildFile; productRef = AA6F322F29ABA2DD00AA4925 /* RxCocoa */; };
		AA6F323229ABA2E300AA4925 /* RxSwift in Frameworks */ = {isa = PBXBuildFile; productRef = AA6F323129ABA2E300AA4925 /* RxSwift */; };
		AA6F323429ABA2F300AA4925 /* SDWebImage in Frameworks */ = {isa = PBXBuildFile; productRef = AA6F323329ABA2F300AA4925 /* SDWebImage */; };
		AA91547429A7A5F200A5DB1F /* AppDelegate.swift in Sources */ = {isa = PBXBuildFile; fileRef = AA91547329A7A5F200A5DB1F /* AppDelegate.swift */; };
		AA91547629A7A5F200A5DB1F /* SceneDelegate.swift in Sources */ = {isa = PBXBuildFile; fileRef = AA91547529A7A5F200A5DB1F /* SceneDelegate.swift */; };
		AA91547D29A7A5F400A5DB1F /* Assets.xcassets in Resources */ = {isa = PBXBuildFile; fileRef = AA91547C29A7A5F400A5DB1F /* Assets.xcassets */; };
		AA91548029A7A5F400A5DB1F /* LaunchScreen.storyboard in Resources */ = {isa = PBXBuildFile; fileRef = AA91547E29A7A5F400A5DB1F /* LaunchScreen.storyboard */; };
		AA91549429A7A77D00A5DB1F /* RxCocoa in Frameworks */ = {isa = PBXBuildFile; productRef = AA91549329A7A77D00A5DB1F /* RxCocoa */; };
		AA91549629A7A77E00A5DB1F /* RxRelay in Frameworks */ = {isa = PBXBuildFile; productRef = AA91549529A7A77E00A5DB1F /* RxRelay */; };
		AA91549829A7A77E00A5DB1F /* RxSwift in Frameworks */ = {isa = PBXBuildFile; productRef = AA91549729A7A77E00A5DB1F /* RxSwift */; };
		AA91549B29A7A79C00A5DB1F /* ObjectMapper in Frameworks */ = {isa = PBXBuildFile; productRef = AA91549A29A7A79C00A5DB1F /* ObjectMapper */; };
		AA9154A029A7A85E00A5DB1F /* Asset.swift in Sources */ = {isa = PBXBuildFile; fileRef = AA91549F29A7A85E00A5DB1F /* Asset.swift */; };
		AA9154A229A7A88B00A5DB1F /* Wallet.swift in Sources */ = {isa = PBXBuildFile; fileRef = AA9154A129A7A88B00A5DB1F /* Wallet.swift */; };
		AA9154A429A7A90300A5DB1F /* RxSwiftHTTPClient.swift in Sources */ = {isa = PBXBuildFile; fileRef = AA9154A329A7A90300A5DB1F /* RxSwiftHTTPClient.swift */; };
		AA9154A829A7AA6000A5DB1F /* OpenseaRepository.swift in Sources */ = {isa = PBXBuildFile; fileRef = AA9154A729A7AA6000A5DB1F /* OpenseaRepository.swift */; };
		AA9154B029A7AC3400A5DB1F /* URLBuilder.swift in Sources */ = {isa = PBXBuildFile; fileRef = AA9154AF29A7AC3400A5DB1F /* URLBuilder.swift */; };
		AA9154B329A7B0B000A5DB1F /* Coordinator.swift in Sources */ = {isa = PBXBuildFile; fileRef = AA9154B229A7B0B000A5DB1F /* Coordinator.swift */; };
		AA9154B529A7B0E400A5DB1F /* Interactor.swift in Sources */ = {isa = PBXBuildFile; fileRef = AA9154B429A7B0E400A5DB1F /* Interactor.swift */; };
		AA9154B729A7B10B00A5DB1F /* Presenter.swift in Sources */ = {isa = PBXBuildFile; fileRef = AA9154B629A7B10B00A5DB1F /* Presenter.swift */; };
		AA9154B929A7B13900A5DB1F /* Listenable.swift in Sources */ = {isa = PBXBuildFile; fileRef = AA9154B829A7B13900A5DB1F /* Listenable.swift */; };
		AA9154BB29A7B1EC00A5DB1F /* AppCoordinator.swift in Sources */ = {isa = PBXBuildFile; fileRef = AA9154BA29A7B1EC00A5DB1F /* AppCoordinator.swift */; };
		AA9154C229A7BF2500A5DB1F /* SnapKit in Frameworks */ = {isa = PBXBuildFile; productRef = AA9154C129A7BF2500A5DB1F /* SnapKit */; };
		AA9154D129A7C0E200A5DB1F /* AssetCollectionCell.swift in Sources */ = {isa = PBXBuildFile; fileRef = AA9154D029A7C0E200A5DB1F /* AssetCollectionCell.swift */; };
		AA9154D329A7C10E00A5DB1F /* AssetCollectionCellPresenter.swift in Sources */ = {isa = PBXBuildFile; fileRef = AA9154D229A7C10E00A5DB1F /* AssetCollectionCellPresenter.swift */; };
		AABBF3E929ECBBD900D7BDFF /* AssetCollectionRouter.swift in Sources */ = {isa = PBXBuildFile; fileRef = AABBF3E529ECBBD900D7BDFF /* AssetCollectionRouter.swift */; };
		AABBF3EA29ECBBD900D7BDFF /* AssetCollectionViewController.swift in Sources */ = {isa = PBXBuildFile; fileRef = AABBF3E629ECBBD900D7BDFF /* AssetCollectionViewController.swift */; };
		AABBF3EB29ECBBD900D7BDFF /* AssetCollectionBuilder.swift in Sources */ = {isa = PBXBuildFile; fileRef = AABBF3E729ECBBD900D7BDFF /* AssetCollectionBuilder.swift */; };
		AABBF3EC29ECBBD900D7BDFF /* AssetCollectionInteractor.swift in Sources */ = {isa = PBXBuildFile; fileRef = AABBF3E829ECBBD900D7BDFF /* AssetCollectionInteractor.swift */; };
		AABBF3F129ECCAD800D7BDFF /* AssetCollectionInteractorTests.swift in Sources */ = {isa = PBXBuildFile; fileRef = AABBF3EF29ECCAD800D7BDFF /* AssetCollectionInteractorTests.swift */; };
		AABBF3F229ECCAD800D7BDFF /* AssetCollectionRouterTests.swift in Sources */ = {isa = PBXBuildFile; fileRef = AABBF3F029ECCAD800D7BDFF /* AssetCollectionRouterTests.swift */; };
		AABBF40029ECD50900D7BDFF /* GeneratedRIBsDependantMocks.swift in Sources */ = {isa = PBXBuildFile; fileRef = AABBF3FF29ECD50900D7BDFF /* GeneratedRIBsDependantMocks.swift */; };
		AABBF40529ECE6F700D7BDFF /* GeneratedRepositoryMocks.swift in Sources */ = {isa = PBXBuildFile; fileRef = AABBF40429ECE6F700D7BDFF /* GeneratedRepositoryMocks.swift */; };
		AABBF40729ECE90A00D7BDFF /* RepositoryStub.swift in Sources */ = {isa = PBXBuildFile; fileRef = AABBF40629ECE90A00D7BDFF /* RepositoryStub.swift */; };
		AABBF40929ECEB6700D7BDFF /* RxBlocking in Frameworks */ = {isa = PBXBuildFile; productRef = AABBF40829ECEB6700D7BDFF /* RxBlocking */; };
		AABBF40B29ECEB6E00D7BDFF /* RxTest in Frameworks */ = {isa = PBXBuildFile; productRef = AABBF40A29ECEB6E00D7BDFF /* RxTest */; };
/* End PBXBuildFile section */

/* Begin PBXContainerItemProxy section */
		AA6F322929ABA15E00AA4925 /* PBXContainerItemProxy */ = {
			isa = PBXContainerItemProxy;
			containerPortal = AA91546829A7A5F200A5DB1F /* Project object */;
			proxyType = 1;
			remoteGlobalIDString = AA91546F29A7A5F200A5DB1F;
			remoteInfo = NFTCollection;
		};
/* End PBXContainerItemProxy section */

/* Begin PBXFileReference section */
		AA10C43429E3EF1F0012E171 /* README.md */ = {isa = PBXFileReference; fileEncoding = 4; lastKnownFileType = net.daringfireball.markdown; name = README.md; path = ../README.md; sourceTree = "<group>"; };
		AA61508E29E6B06D00AB4B93 /* GeneratedRIBsMocks.swift */ = {isa = PBXFileReference; lastKnownFileType = sourcecode.swift; path = GeneratedRIBsMocks.swift; sourceTree = "<group>"; };
		AA6F320B29A8492300AA4925 /* AssetDetailCoordinator.swift */ = {isa = PBXFileReference; lastKnownFileType = sourcecode.swift; path = AssetDetailCoordinator.swift; sourceTree = "<group>"; };
		AA6F320D29A8498900AA4925 /* AssetDetailView.swift */ = {isa = PBXFileReference; lastKnownFileType = sourcecode.swift; path = AssetDetailView.swift; sourceTree = "<group>"; };
		AA6F320F29A849A500AA4925 /* AssetDetailViewModel.swift */ = {isa = PBXFileReference; lastKnownFileType = sourcecode.swift; path = AssetDetailViewModel.swift; sourceTree = "<group>"; };
		AA6F321929A84F2200AA4925 /* BlueCapsuleButtonStyle.swift */ = {isa = PBXFileReference; lastKnownFileType = sourcecode.swift; path = BlueCapsuleButtonStyle.swift; sourceTree = "<group>"; };
		AA6F321B29A86DE100AA4925 /* InfuraRepository.swift */ = {isa = PBXFileReference; lastKnownFileType = sourcecode.swift; path = InfuraRepository.swift; sourceTree = "<group>"; };
		AA6F322529ABA15E00AA4925 /* NFTCollectionTests.xctest */ = {isa = PBXFileReference; explicitFileType = wrapper.cfbundle; includeInIndex = 0; path = NFTCollectionTests.xctest; sourceTree = BUILT_PRODUCTS_DIR; };
		AA91547029A7A5F200A5DB1F /* NFTCollection.app */ = {isa = PBXFileReference; explicitFileType = wrapper.application; includeInIndex = 0; path = NFTCollection.app; sourceTree = BUILT_PRODUCTS_DIR; };
		AA91547329A7A5F200A5DB1F /* AppDelegate.swift */ = {isa = PBXFileReference; lastKnownFileType = sourcecode.swift; path = AppDelegate.swift; sourceTree = "<group>"; };
		AA91547529A7A5F200A5DB1F /* SceneDelegate.swift */ = {isa = PBXFileReference; lastKnownFileType = sourcecode.swift; path = SceneDelegate.swift; sourceTree = "<group>"; };
		AA91547C29A7A5F400A5DB1F /* Assets.xcassets */ = {isa = PBXFileReference; lastKnownFileType = folder.assetcatalog; path = Assets.xcassets; sourceTree = "<group>"; };
		AA91547F29A7A5F400A5DB1F /* Base */ = {isa = PBXFileReference; lastKnownFileType = file.storyboard; name = Base; path = Base.lproj/LaunchScreen.storyboard; sourceTree = "<group>"; };
		AA91548129A7A5F400A5DB1F /* Info.plist */ = {isa = PBXFileReference; lastKnownFileType = text.plist.xml; path = Info.plist; sourceTree = "<group>"; };
		AA91549F29A7A85E00A5DB1F /* Asset.swift */ = {isa = PBXFileReference; lastKnownFileType = sourcecode.swift; path = Asset.swift; sourceTree = "<group>"; };
		AA9154A129A7A88B00A5DB1F /* Wallet.swift */ = {isa = PBXFileReference; lastKnownFileType = sourcecode.swift; path = Wallet.swift; sourceTree = "<group>"; };
		AA9154A329A7A90300A5DB1F /* RxSwiftHTTPClient.swift */ = {isa = PBXFileReference; lastKnownFileType = sourcecode.swift; path = RxSwiftHTTPClient.swift; sourceTree = "<group>"; };
		AA9154A729A7AA6000A5DB1F /* OpenseaRepository.swift */ = {isa = PBXFileReference; lastKnownFileType = sourcecode.swift; path = OpenseaRepository.swift; sourceTree = "<group>"; };
		AA9154AF29A7AC3400A5DB1F /* URLBuilder.swift */ = {isa = PBXFileReference; lastKnownFileType = sourcecode.swift; path = URLBuilder.swift; sourceTree = "<group>"; };
		AA9154B229A7B0B000A5DB1F /* Coordinator.swift */ = {isa = PBXFileReference; lastKnownFileType = sourcecode.swift; path = Coordinator.swift; sourceTree = "<group>"; };
		AA9154B429A7B0E400A5DB1F /* Interactor.swift */ = {isa = PBXFileReference; lastKnownFileType = sourcecode.swift; path = Interactor.swift; sourceTree = "<group>"; };
		AA9154B629A7B10B00A5DB1F /* Presenter.swift */ = {isa = PBXFileReference; lastKnownFileType = sourcecode.swift; path = Presenter.swift; sourceTree = "<group>"; };
		AA9154B829A7B13900A5DB1F /* Listenable.swift */ = {isa = PBXFileReference; lastKnownFileType = sourcecode.swift; path = Listenable.swift; sourceTree = "<group>"; };
		AA9154BA29A7B1EC00A5DB1F /* AppCoordinator.swift */ = {isa = PBXFileReference; lastKnownFileType = sourcecode.swift; path = AppCoordinator.swift; sourceTree = "<group>"; };
		AA9154D029A7C0E200A5DB1F /* AssetCollectionCell.swift */ = {isa = PBXFileReference; lastKnownFileType = sourcecode.swift; path = AssetCollectionCell.swift; sourceTree = "<group>"; };
		AA9154D229A7C10E00A5DB1F /* AssetCollectionCellPresenter.swift */ = {isa = PBXFileReference; lastKnownFileType = sourcecode.swift; path = AssetCollectionCellPresenter.swift; sourceTree = "<group>"; };
		AABBF3E529ECBBD900D7BDFF /* AssetCollectionRouter.swift */ = {isa = PBXFileReference; lastKnownFileType = sourcecode.swift; path = AssetCollectionRouter.swift; sourceTree = "<group>"; };
		AABBF3E629ECBBD900D7BDFF /* AssetCollectionViewController.swift */ = {isa = PBXFileReference; lastKnownFileType = sourcecode.swift; path = AssetCollectionViewController.swift; sourceTree = "<group>"; };
		AABBF3E729ECBBD900D7BDFF /* AssetCollectionBuilder.swift */ = {isa = PBXFileReference; lastKnownFileType = sourcecode.swift; path = AssetCollectionBuilder.swift; sourceTree = "<group>"; };
		AABBF3E829ECBBD900D7BDFF /* AssetCollectionInteractor.swift */ = {isa = PBXFileReference; lastKnownFileType = sourcecode.swift; path = AssetCollectionInteractor.swift; sourceTree = "<group>"; };
		AABBF3EF29ECCAD800D7BDFF /* AssetCollectionInteractorTests.swift */ = {isa = PBXFileReference; lastKnownFileType = sourcecode.swift; path = AssetCollectionInteractorTests.swift; sourceTree = "<group>"; };
		AABBF3F029ECCAD800D7BDFF /* AssetCollectionRouterTests.swift */ = {isa = PBXFileReference; lastKnownFileType = sourcecode.swift; path = AssetCollectionRouterTests.swift; sourceTree = "<group>"; };
		AABBF3FF29ECD50900D7BDFF /* GeneratedRIBsDependantMocks.swift */ = {isa = PBXFileReference; lastKnownFileType = sourcecode.swift; path = GeneratedRIBsDependantMocks.swift; sourceTree = "<group>"; };
		AABBF40429ECE6F700D7BDFF /* GeneratedRepositoryMocks.swift */ = {isa = PBXFileReference; lastKnownFileType = sourcecode.swift; path = GeneratedRepositoryMocks.swift; sourceTree = "<group>"; };
		AABBF40629ECE90A00D7BDFF /* RepositoryStub.swift */ = {isa = PBXFileReference; lastKnownFileType = sourcecode.swift; path = RepositoryStub.swift; sourceTree = "<group>"; };
/* End PBXFileReference section */

/* Begin PBXFrameworksBuildPhase section */
		AA6F322229ABA15E00AA4925 /* Frameworks */ = {
			isa = PBXFrameworksBuildPhase;
			buildActionMask = 2147483647;
			files = (
				AABBF40B29ECEB6E00D7BDFF /* RxTest in Frameworks */,
				AA6F323429ABA2F300AA4925 /* SDWebImage in Frameworks */,
				AABBF40929ECEB6700D7BDFF /* RxBlocking in Frameworks */,
				AA6F323229ABA2E300AA4925 /* RxSwift in Frameworks */,
				AA6F323029ABA2DD00AA4925 /* RxCocoa in Frameworks */,
			);
			runOnlyForDeploymentPostprocessing = 0;
		};
		AA91546D29A7A5F200A5DB1F /* Frameworks */ = {
			isa = PBXFrameworksBuildPhase;
			buildActionMask = 2147483647;
			files = (
				AA6F321729A84D7C00AA4925 /* SDWebImage in Frameworks */,
				AA91549B29A7A79C00A5DB1F /* ObjectMapper in Frameworks */,
				AA61508129E6AF3A00AB4B93 /* RIBs in Frameworks */,
				AA91549829A7A77E00A5DB1F /* RxSwift in Frameworks */,
				AA91549629A7A77E00A5DB1F /* RxRelay in Frameworks */,
				AA9154C229A7BF2500A5DB1F /* SnapKit in Frameworks */,
				AA91549429A7A77D00A5DB1F /* RxCocoa in Frameworks */,
			);
			runOnlyForDeploymentPostprocessing = 0;
		};
/* End PBXFrameworksBuildPhase section */

/* Begin PBXGroup section */
		AA61508329E6AF9700AB4B93 /* RIBs */ = {
			isa = PBXGroup;
			children = (
				AA61508C29E6AFD700AB4B93 /* AssetCollection */,
			);
			path = RIBs;
			sourceTree = "<group>";
		};
		AA61508C29E6AFD700AB4B93 /* AssetCollection */ = {
			isa = PBXGroup;
			children = (
				AABBF3ED29ECBC6F00D7BDFF /* View */,
				AABBF3E529ECBBD900D7BDFF /* AssetCollectionRouter.swift */,
				AABBF3E629ECBBD900D7BDFF /* AssetCollectionViewController.swift */,
				AABBF3E729ECBBD900D7BDFF /* AssetCollectionBuilder.swift */,
				AABBF3E829ECBBD900D7BDFF /* AssetCollectionInteractor.swift */,
				AA9154D229A7C10E00A5DB1F /* AssetCollectionCellPresenter.swift */,
			);
			path = AssetCollection;
			sourceTree = "<group>";
		};
		AA61508D29E6B05900AB4B93 /* Mocks */ = {
			isa = PBXGroup;
			children = (
				AABBF40429ECE6F700D7BDFF /* GeneratedRepositoryMocks.swift */,
				AA61508E29E6B06D00AB4B93 /* GeneratedRIBsMocks.swift */,
				AABBF3FF29ECD50900D7BDFF /* GeneratedRIBsDependantMocks.swift */,
			);
			path = Mocks;
			sourceTree = "<group>";
		};
		AA6F320829A848EB00AA4925 /* View */ = {
			isa = PBXGroup;
			children = (
				AA6F320D29A8498900AA4925 /* AssetDetailView.swift */,
			);
			path = View;
			sourceTree = "<group>";
		};
		AA6F320929A848F100AA4925 /* View Model */ = {
			isa = PBXGroup;
			children = (
				AA6F320F29A849A500AA4925 /* AssetDetailViewModel.swift */,
			);
			path = "View Model";
			sourceTree = "<group>";
		};
		AA6F320A29A848F800AA4925 /* Coordinator */ = {
			isa = PBXGroup;
			children = (
				AA6F320B29A8492300AA4925 /* AssetDetailCoordinator.swift */,
			);
			path = Coordinator;
			sourceTree = "<group>";
		};
		AA6F321829A84EFD00AA4925 /* UI Elements */ = {
			isa = PBXGroup;
			children = (
				AA6F321929A84F2200AA4925 /* BlueCapsuleButtonStyle.swift */,
			);
			path = "UI Elements";
			sourceTree = "<group>";
		};
		AA6F322629ABA15E00AA4925 /* NFTCollectionTests */ = {
			isa = PBXGroup;
			children = (
				AABBF3EE29ECCAA600D7BDFF /* AssetCollection */,
				AA61508D29E6B05900AB4B93 /* Mocks */,
				AABBF40129ECE4F100D7BDFF /* Stubs */,
			);
			path = NFTCollectionTests;
			sourceTree = "<group>";
		};
		AA6F322E29ABA2DD00AA4925 /* Frameworks */ = {
			isa = PBXGroup;
			children = (
			);
			name = Frameworks;
			sourceTree = "<group>";
		};
		AA91546729A7A5F200A5DB1F = {
			isa = PBXGroup;
			children = (
				AA10C43429E3EF1F0012E171 /* README.md */,
				AA91547229A7A5F200A5DB1F /* NFTCollection */,
				AA6F322629ABA15E00AA4925 /* NFTCollectionTests */,
				AA91547129A7A5F200A5DB1F /* Products */,
				AA6F322E29ABA2DD00AA4925 /* Frameworks */,
			);
			sourceTree = "<group>";
		};
		AA91547129A7A5F200A5DB1F /* Products */ = {
			isa = PBXGroup;
			children = (
				AA91547029A7A5F200A5DB1F /* NFTCollection.app */,
				AA6F322529ABA15E00AA4925 /* NFTCollectionTests.xctest */,
			);
			name = Products;
			sourceTree = "<group>";
		};
		AA91547229A7A5F200A5DB1F /* NFTCollection */ = {
			isa = PBXGroup;
			children = (
				AA91548729A7A60E00A5DB1F /* App */,
				AA91548829A7A61300A5DB1F /* Domain Models */,
				AA61508329E6AF9700AB4B93 /* RIBs */,
				AA91548929A7A61D00A5DB1F /* Modules */,
				AA91548B29A7A63C00A5DB1F /* Networking */,
				AA91548C29A7A64400A5DB1F /* Repositories */,
				AA6F321829A84EFD00AA4925 /* UI Elements */,
				AA91548A29A7A62700A5DB1F /* Resources */,
				AA91548129A7A5F400A5DB1F /* Info.plist */,
			);
			path = NFTCollection;
			sourceTree = "<group>";
		};
		AA91548729A7A60E00A5DB1F /* App */ = {
			isa = PBXGroup;
			children = (
				AA91547329A7A5F200A5DB1F /* AppDelegate.swift */,
				AA91547529A7A5F200A5DB1F /* SceneDelegate.swift */,
				AA91547E29A7A5F400A5DB1F /* LaunchScreen.storyboard */,
				AA9154BA29A7B1EC00A5DB1F /* AppCoordinator.swift */,
			);
			path = App;
			sourceTree = "<group>";
		};
		AA91548829A7A61300A5DB1F /* Domain Models */ = {
			isa = PBXGroup;
			children = (
				AA91549F29A7A85E00A5DB1F /* Asset.swift */,
				AA9154A129A7A88B00A5DB1F /* Wallet.swift */,
			);
			path = "Domain Models";
			sourceTree = "<group>";
		};
		AA91548929A7A61D00A5DB1F /* Modules */ = {
			isa = PBXGroup;
			children = (
				AA91548F29A7A67500A5DB1F /* Asset Detail */,
				AA9154B129A7B02400A5DB1F /* Base */,
			);
			path = Modules;
			sourceTree = "<group>";
		};
		AA91548A29A7A62700A5DB1F /* Resources */ = {
			isa = PBXGroup;
			children = (
				AA91547C29A7A5F400A5DB1F /* Assets.xcassets */,
			);
			path = Resources;
			sourceTree = "<group>";
		};
		AA91548B29A7A63C00A5DB1F /* Networking */ = {
			isa = PBXGroup;
			children = (
				AA9154A329A7A90300A5DB1F /* RxSwiftHTTPClient.swift */,
				AA9154AF29A7AC3400A5DB1F /* URLBuilder.swift */,
			);
			path = Networking;
			sourceTree = "<group>";
		};
		AA91548C29A7A64400A5DB1F /* Repositories */ = {
			isa = PBXGroup;
			children = (
				AA9154A729A7AA6000A5DB1F /* OpenseaRepository.swift */,
				AA6F321B29A86DE100AA4925 /* InfuraRepository.swift */,
			);
			path = Repositories;
			sourceTree = "<group>";
		};
		AA91548F29A7A67500A5DB1F /* Asset Detail */ = {
			isa = PBXGroup;
			children = (
				AA6F320A29A848F800AA4925 /* Coordinator */,
				AA6F320829A848EB00AA4925 /* View */,
				AA6F320929A848F100AA4925 /* View Model */,
			);
			path = "Asset Detail";
			sourceTree = "<group>";
		};
		AA9154B129A7B02400A5DB1F /* Base */ = {
			isa = PBXGroup;
			children = (
				AA9154B229A7B0B000A5DB1F /* Coordinator.swift */,
				AA9154B429A7B0E400A5DB1F /* Interactor.swift */,
				AA9154B629A7B10B00A5DB1F /* Presenter.swift */,
				AA9154B829A7B13900A5DB1F /* Listenable.swift */,
			);
			path = Base;
			sourceTree = "<group>";
		};
		AABBF3ED29ECBC6F00D7BDFF /* View */ = {
			isa = PBXGroup;
			children = (
				AA9154D029A7C0E200A5DB1F /* AssetCollectionCell.swift */,
			);
			path = View;
			sourceTree = "<group>";
		};
		AABBF3EE29ECCAA600D7BDFF /* AssetCollection */ = {
			isa = PBXGroup;
			children = (
				AABBF3EF29ECCAD800D7BDFF /* AssetCollectionInteractorTests.swift */,
				AABBF3F029ECCAD800D7BDFF /* AssetCollectionRouterTests.swift */,
			);
			path = AssetCollection;
			sourceTree = "<group>";
		};
		AABBF3F329ECCB7000D7BDFF /* NFT */ = {
			isa = PBXGroup;
			children = (
				AABBF3F429ECCB9400D7BDFF /* NFTRouter.swift */,
				AABBF3F529ECCB9400D7BDFF /* NFTBuilder.swift */,
				AABBF3F629ECCB9400D7BDFF /* NFTInteractor.swift */,
			);
			path = NFT;
			sourceTree = "<group>";
		};
		AABBF3FA29ECCDB400D7BDFF /* NFT */ = {
			isa = PBXGroup;
			children = (
				AABBF3FB29ECCDC000D7BDFF /* NFTInteractorTests.swift */,
				AABBF3FC29ECCDC000D7BDFF /* NFTRouterTests.swift */,
			);
			path = NFT;
			sourceTree = "<group>";
		};
		AABBF40129ECE4F100D7BDFF /* Stubs */ = {
			isa = PBXGroup;
			children = (
				AABBF40629ECE90A00D7BDFF /* RepositoryStub.swift */,
			);
			path = Stubs;
			sourceTree = "<group>";
		};
/* End PBXGroup section */

/* Begin PBXNativeTarget section */
		AA6F322429ABA15E00AA4925 /* NFTCollectionTests */ = {
			isa = PBXNativeTarget;
			buildConfigurationList = AA6F322D29ABA15E00AA4925 /* Build configuration list for PBXNativeTarget "NFTCollectionTests" */;
			buildPhases = (
				AA6F322129ABA15E00AA4925 /* Sources */,
				AA6F322229ABA15E00AA4925 /* Frameworks */,
				AA6F322329ABA15E00AA4925 /* Resources */,
			);
			buildRules = (
			);
			dependencies = (
				AA6F322A29ABA15E00AA4925 /* PBXTargetDependency */,
			);
			name = NFTCollectionTests;
			packageProductDependencies = (
				AA6F322F29ABA2DD00AA4925 /* RxCocoa */,
				AA6F323129ABA2E300AA4925 /* RxSwift */,
				AA6F323329ABA2F300AA4925 /* SDWebImage */,
				AABBF40829ECEB6700D7BDFF /* RxBlocking */,
				AABBF40A29ECEB6E00D7BDFF /* RxTest */,
			);
			productName = NFTCollectionTests;
			productReference = AA6F322529ABA15E00AA4925 /* NFTCollectionTests.xctest */;
			productType = "com.apple.product-type.bundle.unit-test";
		};
		AA91546F29A7A5F200A5DB1F /* NFTCollection */ = {
			isa = PBXNativeTarget;
			buildConfigurationList = AA91548429A7A5F400A5DB1F /* Build configuration list for PBXNativeTarget "NFTCollection" */;
			buildPhases = (
				AA91546C29A7A5F200A5DB1F /* Sources */,
				AA91546D29A7A5F200A5DB1F /* Frameworks */,
				AA91546E29A7A5F200A5DB1F /* Resources */,
				AABBF3E429ECB84900D7BDFF /* Mockolo */,
			);
			buildRules = (
			);
			dependencies = (
			);
			name = NFTCollection;
			packageProductDependencies = (
				AA91549329A7A77D00A5DB1F /* RxCocoa */,
				AA91549529A7A77E00A5DB1F /* RxRelay */,
				AA91549729A7A77E00A5DB1F /* RxSwift */,
				AA91549A29A7A79C00A5DB1F /* ObjectMapper */,
				AA9154C129A7BF2500A5DB1F /* SnapKit */,
				AA6F321629A84D7C00AA4925 /* SDWebImage */,
				AA61508029E6AF3A00AB4B93 /* RIBs */,
			);
			productName = NFTCollection;
			productReference = AA91547029A7A5F200A5DB1F /* NFTCollection.app */;
			productType = "com.apple.product-type.application";
		};
/* End PBXNativeTarget section */

/* Begin PBXProject section */
		AA91546829A7A5F200A5DB1F /* Project object */ = {
			isa = PBXProject;
			attributes = {
				BuildIndependentTargetsInParallel = 1;
				LastSwiftUpdateCheck = 1420;
				LastUpgradeCheck = 1420;
				TargetAttributes = {
					AA6F322429ABA15E00AA4925 = {
						CreatedOnToolsVersion = 14.2;
						TestTargetID = AA91546F29A7A5F200A5DB1F;
					};
					AA91546F29A7A5F200A5DB1F = {
						CreatedOnToolsVersion = 14.2;
					};
				};
			};
			buildConfigurationList = AA91546B29A7A5F200A5DB1F /* Build configuration list for PBXProject "NFTCollection" */;
			compatibilityVersion = "Xcode 14.0";
			developmentRegion = en;
			hasScannedForEncodings = 0;
			knownRegions = (
				en,
				Base,
			);
			mainGroup = AA91546729A7A5F200A5DB1F;
			packageReferences = (
				AA91549229A7A77D00A5DB1F /* XCRemoteSwiftPackageReference "RxSwift" */,
				AA91549929A7A79C00A5DB1F /* XCRemoteSwiftPackageReference "ObjectMapper" */,
				AA9154C029A7BF2500A5DB1F /* XCRemoteSwiftPackageReference "SnapKit" */,
				AA6F321529A84D7C00AA4925 /* XCRemoteSwiftPackageReference "SDWebImage" */,
				AA61507F29E6AF3A00AB4B93 /* XCRemoteSwiftPackageReference "RIBs" */,
			);
			productRefGroup = AA91547129A7A5F200A5DB1F /* Products */;
			projectDirPath = "";
			projectRoot = "";
			targets = (
				AA91546F29A7A5F200A5DB1F /* NFTCollection */,
				AA6F322429ABA15E00AA4925 /* NFTCollectionTests */,
			);
		};
/* End PBXProject section */

/* Begin PBXResourcesBuildPhase section */
		AA6F322329ABA15E00AA4925 /* Resources */ = {
			isa = PBXResourcesBuildPhase;
			buildActionMask = 2147483647;
			files = (
			);
			runOnlyForDeploymentPostprocessing = 0;
		};
		AA91546E29A7A5F200A5DB1F /* Resources */ = {
			isa = PBXResourcesBuildPhase;
			buildActionMask = 2147483647;
			files = (
				AA10C43529E3EF1F0012E171 /* README.md in Resources */,
				AA91548029A7A5F400A5DB1F /* LaunchScreen.storyboard in Resources */,
				AA91547D29A7A5F400A5DB1F /* Assets.xcassets in Resources */,
			);
			runOnlyForDeploymentPostprocessing = 0;
		};
/* End PBXResourcesBuildPhase section */

/* Begin PBXShellScriptBuildPhase section */
		AABBF3E429ECB84900D7BDFF /* Mockolo */ = {
			isa = PBXShellScriptBuildPhase;
			buildActionMask = 2147483647;
			files = (
			);
			inputFileListPaths = (
			);
			inputPaths = (
			);
			name = Mockolo;
			outputFileListPaths = (
			);
			outputPaths = (
				"$(SRCROOT)/NFTCollectionTests/Mocks/AutogeneratedMocks.swift",
			);
			runOnlyForDeploymentPostprocessing = 0;
			shellPath = /bin/sh;
			shellScript = "# Type a script or drag a script file from your workspace to insert its path.\ncd ${SRCROOT}\n/usr/local/bin/mockolo -s ./NFTCollection/RIBs -d ./NFTCollectionTests/Mocks/GeneratedRIBsMocks.swift -i NFTCollection --mock-all --mock-final -mocks ./NFTCollectionTests/Mocks/GeneratedRIBsDependantMocks.swift -j 1\n\n/usr/local/bin/mockolo -s ./NFTCollection/Repositories -d ./NFTCollectionTests/Mocks/GeneratedRepositoryMocks.swift -i NFTCollection --mock-all --mock-final -j 1\n";
		};
/* End PBXShellScriptBuildPhase section */

/* Begin PBXSourcesBuildPhase section */
		AA6F322129ABA15E00AA4925 /* Sources */ = {
			isa = PBXSourcesBuildPhase;
			buildActionMask = 2147483647;
			files = (
				AABBF40529ECE6F700D7BDFF /* GeneratedRepositoryMocks.swift in Sources */,
				AABBF3F129ECCAD800D7BDFF /* AssetCollectionInteractorTests.swift in Sources */,
				AA61508F29E6B06D00AB4B93 /* GeneratedRIBsMocks.swift in Sources */,
				AABBF40029ECD50900D7BDFF /* GeneratedRIBsDependantMocks.swift in Sources */,
				AABBF40729ECE90A00D7BDFF /* RepositoryStub.swift in Sources */,
				AABBF3F229ECCAD800D7BDFF /* AssetCollectionRouterTests.swift in Sources */,
			);
			runOnlyForDeploymentPostprocessing = 0;
		};
		AA91546C29A7A5F200A5DB1F /* Sources */ = {
			isa = PBXSourcesBuildPhase;
			buildActionMask = 2147483647;
			files = (
				AA9154B929A7B13900A5DB1F /* Listenable.swift in Sources */,
				AA9154A229A7A88B00A5DB1F /* Wallet.swift in Sources */,
				AA9154A429A7A90300A5DB1F /* RxSwiftHTTPClient.swift in Sources */,
				AA6F320E29A8498900AA4925 /* AssetDetailView.swift in Sources */,
				AA6F321029A849A500AA4925 /* AssetDetailViewModel.swift in Sources */,
				AA91547429A7A5F200A5DB1F /* AppDelegate.swift in Sources */,
				AABBF3EA29ECBBD900D7BDFF /* AssetCollectionViewController.swift in Sources */,
				AA9154B029A7AC3400A5DB1F /* URLBuilder.swift in Sources */,
				AA9154BB29A7B1EC00A5DB1F /* AppCoordinator.swift in Sources */,
				AA9154B529A7B0E400A5DB1F /* Interactor.swift in Sources */,
				AA6F320C29A8492300AA4925 /* AssetDetailCoordinator.swift in Sources */,
				AA9154B329A7B0B000A5DB1F /* Coordinator.swift in Sources */,
				AA6F321A29A84F2200AA4925 /* BlueCapsuleButtonStyle.swift in Sources */,
				AA9154A829A7AA6000A5DB1F /* OpenseaRepository.swift in Sources */,
				AA9154A029A7A85E00A5DB1F /* Asset.swift in Sources */,
				AABBF3EC29ECBBD900D7BDFF /* AssetCollectionInteractor.swift in Sources */,
				AA9154B729A7B10B00A5DB1F /* Presenter.swift in Sources */,
				AABBF3EB29ECBBD900D7BDFF /* AssetCollectionBuilder.swift in Sources */,
				AA9154D129A7C0E200A5DB1F /* AssetCollectionCell.swift in Sources */,
				AA9154D329A7C10E00A5DB1F /* AssetCollectionCellPresenter.swift in Sources */,
				AABBF3E929ECBBD900D7BDFF /* AssetCollectionRouter.swift in Sources */,
				AA6F321C29A86DE100AA4925 /* InfuraRepository.swift in Sources */,
				AA91547629A7A5F200A5DB1F /* SceneDelegate.swift in Sources */,
			);
			runOnlyForDeploymentPostprocessing = 0;
		};
/* End PBXSourcesBuildPhase section */

/* Begin PBXTargetDependency section */
		AA6F322A29ABA15E00AA4925 /* PBXTargetDependency */ = {
			isa = PBXTargetDependency;
			target = AA91546F29A7A5F200A5DB1F /* NFTCollection */;
			targetProxy = AA6F322929ABA15E00AA4925 /* PBXContainerItemProxy */;
		};
/* End PBXTargetDependency section */

/* Begin PBXVariantGroup section */
		AA91547E29A7A5F400A5DB1F /* LaunchScreen.storyboard */ = {
			isa = PBXVariantGroup;
			children = (
				AA91547F29A7A5F400A5DB1F /* Base */,
			);
			name = LaunchScreen.storyboard;
			sourceTree = "<group>";
		};
/* End PBXVariantGroup section */

/* Begin XCBuildConfiguration section */
		AA6F322B29ABA15E00AA4925 /* Debug */ = {
			isa = XCBuildConfiguration;
			buildSettings = {
				BUNDLE_LOADER = "$(TEST_HOST)";
				CODE_SIGN_STYLE = Automatic;
				CURRENT_PROJECT_VERSION = 1;
				GENERATE_INFOPLIST_FILE = YES;
				IPHONEOS_DEPLOYMENT_TARGET = 16.2;
				MARKETING_VERSION = 1.0;
				PRODUCT_BUNDLE_IDENTIFIER = com.greenerchen.NFTCollectionTests;
				PRODUCT_NAME = "$(TARGET_NAME)";
				SWIFT_EMIT_LOC_STRINGS = NO;
				SWIFT_VERSION = 5.0;
				TARGETED_DEVICE_FAMILY = "1,2";
				TEST_HOST = "$(BUILT_PRODUCTS_DIR)/NFTCollection.app/$(BUNDLE_EXECUTABLE_FOLDER_PATH)/NFTCollection";
			};
			name = Debug;
		};
		AA6F322C29ABA15E00AA4925 /* Release */ = {
			isa = XCBuildConfiguration;
			buildSettings = {
				BUNDLE_LOADER = "$(TEST_HOST)";
				CODE_SIGN_STYLE = Automatic;
				CURRENT_PROJECT_VERSION = 1;
				GENERATE_INFOPLIST_FILE = YES;
				IPHONEOS_DEPLOYMENT_TARGET = 16.2;
				MARKETING_VERSION = 1.0;
				PRODUCT_BUNDLE_IDENTIFIER = com.greenerchen.NFTCollectionTests;
				PRODUCT_NAME = "$(TARGET_NAME)";
				SWIFT_EMIT_LOC_STRINGS = NO;
				SWIFT_VERSION = 5.0;
				TARGETED_DEVICE_FAMILY = "1,2";
				TEST_HOST = "$(BUILT_PRODUCTS_DIR)/NFTCollection.app/$(BUNDLE_EXECUTABLE_FOLDER_PATH)/NFTCollection";
			};
			name = Release;
		};
		AA91548229A7A5F400A5DB1F /* Debug */ = {
			isa = XCBuildConfiguration;
			buildSettings = {
				ALWAYS_SEARCH_USER_PATHS = NO;
				CLANG_ANALYZER_NONNULL = YES;
				CLANG_ANALYZER_NUMBER_OBJECT_CONVERSION = YES_AGGRESSIVE;
				CLANG_CXX_LANGUAGE_STANDARD = "gnu++20";
				CLANG_ENABLE_MODULES = YES;
				CLANG_ENABLE_OBJC_ARC = YES;
				CLANG_ENABLE_OBJC_WEAK = YES;
				CLANG_WARN_BLOCK_CAPTURE_AUTORELEASING = YES;
				CLANG_WARN_BOOL_CONVERSION = YES;
				CLANG_WARN_COMMA = YES;
				CLANG_WARN_CONSTANT_CONVERSION = YES;
				CLANG_WARN_DEPRECATED_OBJC_IMPLEMENTATIONS = YES;
				CLANG_WARN_DIRECT_OBJC_ISA_USAGE = YES_ERROR;
				CLANG_WARN_DOCUMENTATION_COMMENTS = YES;
				CLANG_WARN_EMPTY_BODY = YES;
				CLANG_WARN_ENUM_CONVERSION = YES;
				CLANG_WARN_INFINITE_RECURSION = YES;
				CLANG_WARN_INT_CONVERSION = YES;
				CLANG_WARN_NON_LITERAL_NULL_CONVERSION = YES;
				CLANG_WARN_OBJC_IMPLICIT_RETAIN_SELF = YES;
				CLANG_WARN_OBJC_LITERAL_CONVERSION = YES;
				CLANG_WARN_OBJC_ROOT_CLASS = YES_ERROR;
				CLANG_WARN_QUOTED_INCLUDE_IN_FRAMEWORK_HEADER = YES;
				CLANG_WARN_RANGE_LOOP_ANALYSIS = YES;
				CLANG_WARN_STRICT_PROTOTYPES = YES;
				CLANG_WARN_SUSPICIOUS_MOVE = YES;
				CLANG_WARN_UNGUARDED_AVAILABILITY = YES_AGGRESSIVE;
				CLANG_WARN_UNREACHABLE_CODE = YES;
				CLANG_WARN__DUPLICATE_METHOD_MATCH = YES;
				COPY_PHASE_STRIP = NO;
				DEBUG_INFORMATION_FORMAT = dwarf;
				ENABLE_STRICT_OBJC_MSGSEND = YES;
				ENABLE_TESTABILITY = YES;
				GCC_C_LANGUAGE_STANDARD = gnu11;
				GCC_DYNAMIC_NO_PIC = NO;
				GCC_NO_COMMON_BLOCKS = YES;
				GCC_OPTIMIZATION_LEVEL = 0;
				GCC_PREPROCESSOR_DEFINITIONS = (
					"DEBUG=1",
					"$(inherited)",
				);
				GCC_WARN_64_TO_32_BIT_CONVERSION = YES;
				GCC_WARN_ABOUT_RETURN_TYPE = YES_ERROR;
				GCC_WARN_UNDECLARED_SELECTOR = YES;
				GCC_WARN_UNINITIALIZED_AUTOS = YES_AGGRESSIVE;
				GCC_WARN_UNUSED_FUNCTION = YES;
				GCC_WARN_UNUSED_VARIABLE = YES;
				IPHONEOS_DEPLOYMENT_TARGET = 15.0;
				MTL_ENABLE_DEBUG_INFO = INCLUDE_SOURCE;
				MTL_FAST_MATH = YES;
				ONLY_ACTIVE_ARCH = YES;
				SDKROOT = iphoneos;
				SWIFT_ACTIVE_COMPILATION_CONDITIONS = DEBUG;
				SWIFT_OPTIMIZATION_LEVEL = "-Onone";
			};
			name = Debug;
		};
		AA91548329A7A5F400A5DB1F /* Release */ = {
			isa = XCBuildConfiguration;
			buildSettings = {
				ALWAYS_SEARCH_USER_PATHS = NO;
				CLANG_ANALYZER_NONNULL = YES;
				CLANG_ANALYZER_NUMBER_OBJECT_CONVERSION = YES_AGGRESSIVE;
				CLANG_CXX_LANGUAGE_STANDARD = "gnu++20";
				CLANG_ENABLE_MODULES = YES;
				CLANG_ENABLE_OBJC_ARC = YES;
				CLANG_ENABLE_OBJC_WEAK = YES;
				CLANG_WARN_BLOCK_CAPTURE_AUTORELEASING = YES;
				CLANG_WARN_BOOL_CONVERSION = YES;
				CLANG_WARN_COMMA = YES;
				CLANG_WARN_CONSTANT_CONVERSION = YES;
				CLANG_WARN_DEPRECATED_OBJC_IMPLEMENTATIONS = YES;
				CLANG_WARN_DIRECT_OBJC_ISA_USAGE = YES_ERROR;
				CLANG_WARN_DOCUMENTATION_COMMENTS = YES;
				CLANG_WARN_EMPTY_BODY = YES;
				CLANG_WARN_ENUM_CONVERSION = YES;
				CLANG_WARN_INFINITE_RECURSION = YES;
				CLANG_WARN_INT_CONVERSION = YES;
				CLANG_WARN_NON_LITERAL_NULL_CONVERSION = YES;
				CLANG_WARN_OBJC_IMPLICIT_RETAIN_SELF = YES;
				CLANG_WARN_OBJC_LITERAL_CONVERSION = YES;
				CLANG_WARN_OBJC_ROOT_CLASS = YES_ERROR;
				CLANG_WARN_QUOTED_INCLUDE_IN_FRAMEWORK_HEADER = YES;
				CLANG_WARN_RANGE_LOOP_ANALYSIS = YES;
				CLANG_WARN_STRICT_PROTOTYPES = YES;
				CLANG_WARN_SUSPICIOUS_MOVE = YES;
				CLANG_WARN_UNGUARDED_AVAILABILITY = YES_AGGRESSIVE;
				CLANG_WARN_UNREACHABLE_CODE = YES;
				CLANG_WARN__DUPLICATE_METHOD_MATCH = YES;
				COPY_PHASE_STRIP = NO;
				DEBUG_INFORMATION_FORMAT = "dwarf-with-dsym";
				ENABLE_NS_ASSERTIONS = NO;
				ENABLE_STRICT_OBJC_MSGSEND = YES;
				GCC_C_LANGUAGE_STANDARD = gnu11;
				GCC_NO_COMMON_BLOCKS = YES;
				GCC_WARN_64_TO_32_BIT_CONVERSION = YES;
				GCC_WARN_ABOUT_RETURN_TYPE = YES_ERROR;
				GCC_WARN_UNDECLARED_SELECTOR = YES;
				GCC_WARN_UNINITIALIZED_AUTOS = YES_AGGRESSIVE;
				GCC_WARN_UNUSED_FUNCTION = YES;
				GCC_WARN_UNUSED_VARIABLE = YES;
				IPHONEOS_DEPLOYMENT_TARGET = 15.0;
				MTL_ENABLE_DEBUG_INFO = NO;
				MTL_FAST_MATH = YES;
				SDKROOT = iphoneos;
				SWIFT_COMPILATION_MODE = wholemodule;
				SWIFT_OPTIMIZATION_LEVEL = "-O";
				VALIDATE_PRODUCT = YES;
			};
			name = Release;
		};
		AA91548529A7A5F400A5DB1F /* Debug */ = {
			isa = XCBuildConfiguration;
			buildSettings = {
				ASSETCATALOG_COMPILER_APPICON_NAME = AppIcon;
				ASSETCATALOG_COMPILER_GLOBAL_ACCENT_COLOR_NAME = AccentColor;
				CODE_SIGN_STYLE = Automatic;
				CURRENT_PROJECT_VERSION = 1;
				GENERATE_INFOPLIST_FILE = YES;
				INFOPLIST_FILE = NFTCollection/Info.plist;
				INFOPLIST_KEY_UIApplicationSupportsIndirectInputEvents = YES;
				INFOPLIST_KEY_UILaunchStoryboardName = LaunchScreen.storyboard;
				INFOPLIST_KEY_UISupportedInterfaceOrientations_iPad = "UIInterfaceOrientationPortrait UIInterfaceOrientationPortraitUpsideDown UIInterfaceOrientationLandscapeLeft UIInterfaceOrientationLandscapeRight";
				INFOPLIST_KEY_UISupportedInterfaceOrientations_iPhone = "UIInterfaceOrientationPortrait UIInterfaceOrientationLandscapeLeft UIInterfaceOrientationLandscapeRight";
				IPHONEOS_DEPLOYMENT_TARGET = 15.0;
				LD_RUNPATH_SEARCH_PATHS = (
					"$(inherited)",
					"@executable_path/Frameworks",
				);
				MARKETING_VERSION = 1.0;
				PRODUCT_BUNDLE_IDENTIFIER = com.greenerchen.NFTCollection;
				PRODUCT_NAME = "$(TARGET_NAME)";
				SWIFT_EMIT_LOC_STRINGS = YES;
				SWIFT_VERSION = 5.0;
				TARGETED_DEVICE_FAMILY = "1,2";
			};
			name = Debug;
		};
		AA91548629A7A5F400A5DB1F /* Release */ = {
			isa = XCBuildConfiguration;
			buildSettings = {
				ASSETCATALOG_COMPILER_APPICON_NAME = AppIcon;
				ASSETCATALOG_COMPILER_GLOBAL_ACCENT_COLOR_NAME = AccentColor;
				CODE_SIGN_STYLE = Automatic;
				CURRENT_PROJECT_VERSION = 1;
				GENERATE_INFOPLIST_FILE = YES;
				INFOPLIST_FILE = NFTCollection/Info.plist;
				INFOPLIST_KEY_UIApplicationSupportsIndirectInputEvents = YES;
				INFOPLIST_KEY_UILaunchStoryboardName = LaunchScreen.storyboard;
				INFOPLIST_KEY_UISupportedInterfaceOrientations_iPad = "UIInterfaceOrientationPortrait UIInterfaceOrientationPortraitUpsideDown UIInterfaceOrientationLandscapeLeft UIInterfaceOrientationLandscapeRight";
				INFOPLIST_KEY_UISupportedInterfaceOrientations_iPhone = "UIInterfaceOrientationPortrait UIInterfaceOrientationLandscapeLeft UIInterfaceOrientationLandscapeRight";
				IPHONEOS_DEPLOYMENT_TARGET = 15.0;
				LD_RUNPATH_SEARCH_PATHS = (
					"$(inherited)",
					"@executable_path/Frameworks",
				);
				MARKETING_VERSION = 1.0;
				PRODUCT_BUNDLE_IDENTIFIER = com.greenerchen.NFTCollection;
				PRODUCT_NAME = "$(TARGET_NAME)";
				SWIFT_EMIT_LOC_STRINGS = YES;
				SWIFT_VERSION = 5.0;
				TARGETED_DEVICE_FAMILY = "1,2";
			};
			name = Release;
		};
/* End XCBuildConfiguration section */

/* Begin XCConfigurationList section */
		AA6F322D29ABA15E00AA4925 /* Build configuration list for PBXNativeTarget "NFTCollectionTests" */ = {
			isa = XCConfigurationList;
			buildConfigurations = (
				AA6F322B29ABA15E00AA4925 /* Debug */,
				AA6F322C29ABA15E00AA4925 /* Release */,
			);
			defaultConfigurationIsVisible = 0;
			defaultConfigurationName = Release;
		};
		AA91546B29A7A5F200A5DB1F /* Build configuration list for PBXProject "NFTCollection" */ = {
			isa = XCConfigurationList;
			buildConfigurations = (
				AA91548229A7A5F400A5DB1F /* Debug */,
				AA91548329A7A5F400A5DB1F /* Release */,
			);
			defaultConfigurationIsVisible = 0;
			defaultConfigurationName = Release;
		};
		AA91548429A7A5F400A5DB1F /* Build configuration list for PBXNativeTarget "NFTCollection" */ = {
			isa = XCConfigurationList;
			buildConfigurations = (
				AA91548529A7A5F400A5DB1F /* Debug */,
				AA91548629A7A5F400A5DB1F /* Release */,
			);
			defaultConfigurationIsVisible = 0;
			defaultConfigurationName = Release;
		};
/* End XCConfigurationList section */

/* Begin XCRemoteSwiftPackageReference section */
		AA61507F29E6AF3A00AB4B93 /* XCRemoteSwiftPackageReference "RIBs" */ = {
			isa = XCRemoteSwiftPackageReference;
			repositoryURL = "https://github.com/uber/RIBs.git";
			requirement = {
				kind = upToNextMajorVersion;
				minimumVersion = 0.9.2;
			};
		};
		AA6F321529A84D7C00AA4925 /* XCRemoteSwiftPackageReference "SDWebImage" */ = {
			isa = XCRemoteSwiftPackageReference;
			repositoryURL = "https://github.com/SDWebImage/SDWebImage.git";
			requirement = {
				kind = upToNextMinorVersion;
				minimumVersion = 5.9.0;
			};
		};
		AA91549229A7A77D00A5DB1F /* XCRemoteSwiftPackageReference "RxSwift" */ = {
			isa = XCRemoteSwiftPackageReference;
			repositoryURL = "https://github.com/ReactiveX/RxSwift.git";
			requirement = {
				kind = upToNextMinorVersion;
				minimumVersion = 6.5.0;
			};
		};
		AA91549929A7A79C00A5DB1F /* XCRemoteSwiftPackageReference "ObjectMapper" */ = {
			isa = XCRemoteSwiftPackageReference;
			repositoryURL = "https://github.com/tristanhimmelman/ObjectMapper.git";
			requirement = {
				kind = upToNextMajorVersion;
				minimumVersion = 4.1.0;
			};
		};
		AA9154C029A7BF2500A5DB1F /* XCRemoteSwiftPackageReference "SnapKit" */ = {
			isa = XCRemoteSwiftPackageReference;
			repositoryURL = "https://github.com/SnapKit/SnapKit.git";
			requirement = {
				kind = upToNextMinorVersion;
				minimumVersion = 5.6.0;
			};
		};
/* End XCRemoteSwiftPackageReference section */

/* Begin XCSwiftPackageProductDependency section */
		AA61508029E6AF3A00AB4B93 /* RIBs */ = {
			isa = XCSwiftPackageProductDependency;
			package = AA61507F29E6AF3A00AB4B93 /* XCRemoteSwiftPackageReference "RIBs" */;
			productName = RIBs;
		};
		AA6F321629A84D7C00AA4925 /* SDWebImage */ = {
			isa = XCSwiftPackageProductDependency;
			package = AA6F321529A84D7C00AA4925 /* XCRemoteSwiftPackageReference "SDWebImage" */;
			productName = SDWebImage;
		};
		AA6F322F29ABA2DD00AA4925 /* RxCocoa */ = {
			isa = XCSwiftPackageProductDependency;
			package = AA91549229A7A77D00A5DB1F /* XCRemoteSwiftPackageReference "RxSwift" */;
			productName = RxCocoa;
		};
		AA6F323129ABA2E300AA4925 /* RxSwift */ = {
			isa = XCSwiftPackageProductDependency;
			package = AA91549229A7A77D00A5DB1F /* XCRemoteSwiftPackageReference "RxSwift" */;
			productName = RxSwift;
		};
		AA6F323329ABA2F300AA4925 /* SDWebImage */ = {
			isa = XCSwiftPackageProductDependency;
			package = AA6F321529A84D7C00AA4925 /* XCRemoteSwiftPackageReference "SDWebImage" */;
			productName = SDWebImage;
		};
		AA91549329A7A77D00A5DB1F /* RxCocoa */ = {
			isa = XCSwiftPackageProductDependency;
			package = AA91549229A7A77D00A5DB1F /* XCRemoteSwiftPackageReference "RxSwift" */;
			productName = RxCocoa;
		};
		AA91549529A7A77E00A5DB1F /* RxRelay */ = {
			isa = XCSwiftPackageProductDependency;
			package = AA91549229A7A77D00A5DB1F /* XCRemoteSwiftPackageReference "RxSwift" */;
			productName = RxRelay;
		};
		AA91549729A7A77E00A5DB1F /* RxSwift */ = {
			isa = XCSwiftPackageProductDependency;
			package = AA91549229A7A77D00A5DB1F /* XCRemoteSwiftPackageReference "RxSwift" */;
			productName = RxSwift;
		};
		AA91549A29A7A79C00A5DB1F /* ObjectMapper */ = {
			isa = XCSwiftPackageProductDependency;
			package = AA91549929A7A79C00A5DB1F /* XCRemoteSwiftPackageReference "ObjectMapper" */;
			productName = ObjectMapper;
		};
		AA9154C129A7BF2500A5DB1F /* SnapKit */ = {
			isa = XCSwiftPackageProductDependency;
			package = AA9154C029A7BF2500A5DB1F /* XCRemoteSwiftPackageReference "SnapKit" */;
			productName = SnapKit;
		};
		AABBF40829ECEB6700D7BDFF /* RxBlocking */ = {
			isa = XCSwiftPackageProductDependency;
			package = AA91549229A7A77D00A5DB1F /* XCRemoteSwiftPackageReference "RxSwift" */;
			productName = RxBlocking;
		};
		AABBF40A29ECEB6E00D7BDFF /* RxTest */ = {
			isa = XCSwiftPackageProductDependency;
			package = AA91549229A7A77D00A5DB1F /* XCRemoteSwiftPackageReference "RxSwift" */;
			productName = RxTest;
		};
/* End XCSwiftPackageProductDependency section */
	};
	rootObject = AA91546829A7A5F200A5DB1F /* Project object */;
}
